
Microsoft Visual Studio Solution File, Format Version 12.00
# Visual Studio 2013
VisualStudioVersion = 12.0.31101.0
MinimumVisualStudioVersion = 10.0.40219.1
Project("{8BC9CEB8-8B4A-11D0-8D11-00A0C91BC942}") = "MeshAndGeometry", "MeshAndGeometry.vcxproj", "{8C0BB558-0456-4763-84B7-4274B17CD054}"
	ProjectSection(ProjectDependencies) = postProject
		{C678C141-6809-469E-ADB7-18E750144DB1} = {C678C141-6809-469E-ADB7-18E750144DB1}
		{249E5561-B563-4022-AFE1-B9B0B83D149B} = {249E5561-B563-4022-AFE1-B9B0B83D149B}
	EndProjectSection
EndProject
Project("{8BC9CEB8-8B4A-11D0-8D11-00A0C91BC942}") = "Geometry", "Geometry\Geometry.vcxproj", "{C678C141-6809-469E-ADB7-18E750144DB1}"
EndProject
Project("{8BC9CEB8-8B4A-11D0-8D11-00A0C91BC942}") = "Mesh", "Mesh\Mesh.vcxproj", "{249E5561-B563-4022-AFE1-B9B0B83D149B}"
	ProjectSection(ProjectDependencies) = postProject
		{C678C141-6809-469E-ADB7-18E750144DB1} = {C678C141-6809-469E-ADB7-18E750144DB1}
	EndProjectSection
EndProject
Global
	GlobalSection(SolutionConfigurationPlatforms) = preSolution
		Debug|Win32 = Debug|Win32
		Debug|x64 = Debug|x64
		Release|Win32 = Release|Win32
		Release|x64 = Release|x64
	EndGlobalSection
	GlobalSection(ProjectConfigurationPlatforms) = postSolution
		{8C0BB558-0456-4763-84B7-4274B17CD054}.Debug|Win32.ActiveCfg = Debug|Win32
		{8C0BB558-0456-4763-84B7-4274B17CD054}.Debug|Win32.Build.0 = Debug|Win32
		{8C0BB558-0456-4763-84B7-4274B17CD054}.Debug|x64.ActiveCfg = Debug|x64
		{8C0BB558-0456-4763-84B7-4274B17CD054}.Debug|x64.Build.0 = Debug|x64
		{8C0BB558-0456-4763-84B7-4274B17CD054}.Release|Win32.ActiveCfg = Release|Win32
		{8C0BB558-0456-4763-84B7-4274B17CD054}.Release|Win32.Build.0 = Release|Win32
		{8C0BB558-0456-4763-84B7-4274B17CD054}.Release|x64.ActiveCfg = Release|x64
		{8C0BB558-0456-4763-84B7-4274B17CD054}.Release|x64.Build.0 = Release|x64
		{C678C141-6809-469E-ADB7-18E750144DB1}.Debug|Win32.ActiveCfg = Debug|Win32
		{C678C141-6809-469E-ADB7-18E750144DB1}.Debug|Win32.Build.0 = Debug|Win32
		{C678C141-6809-469E-ADB7-18E750144DB1}.Debug|x64.ActiveCfg = Debug|x64
		{C678C141-6809-469E-ADB7-18E750144DB1}.Debug|x64.Build.0 = Debug|x64
		{C678C141-6809-469E-ADB7-18E750144DB1}.Release|Win32.ActiveCfg = Release|Win32
		{C678C141-6809-469E-ADB7-18E750144DB1}.Release|Win32.Build.0 = Release|Win32
		{C678C141-6809-469E-ADB7-18E750144DB1}.Release|x64.ActiveCfg = Release|x64
		{C678C141-6809-469E-ADB7-18E750144DB1}.Release|x64.Build.0 = Release|x64
		{249E5561-B563-4022-AFE1-B9B0B83D149B}.Debug|Win32.ActiveCfg = Debug|Win32
		{249E5561-B563-4022-AFE1-B9B0B83D149B}.Debug|Win32.Build.0 = Debug|Win32
		{249E5561-B563-4022-AFE1-B9B0B83D149B}.Debug|x64.ActiveCfg = Debug|x64
		{249E5561-B563-4022-AFE1-B9B0B83D149B}.Debug|x64.Build.0 = Debug|x64
		{249E5561-B563-4022-AFE1-B9B0B83D149B}.Release|Win32.ActiveCfg = Release|Win32
		{249E5561-B563-4022-AFE1-B9B0B83D149B}.Release|Win32.Build.0 = Release|Win32
		{249E5561-B563-4022-AFE1-B9B0B83D149B}.Release|x64.ActiveCfg = Release|x64
		{249E5561-B563-4022-AFE1-B9B0B83D149B}.Release|x64.Build.0 = Release|x64
	EndGlobalSection
	GlobalSection(SolutionProperties) = preSolution
		HideSolutionNode = FALSE
	EndGlobalSection
EndGlobal
