
Microsoft Visual Studio Solution File, Format Version 12.00
# Visual Studio 2013
VisualStudioVersion = 12.0.31101.0
MinimumVisualStudioVersion = 10.0.40219.1
Project("{8BC9CEB8-8B4A-11D0-8D11-00A0C91BC942}") = "SphericalHarmonicMap", "SphericalHarmonicMap\SphericalHarmonicMap.vcxproj", "{44DA983F-9405-467B-818B-BB019F221E8D}"
EndProject
Project("{8BC9CEB8-8B4A-11D0-8D11-00A0C91BC942}") = "test_main", "test_main\test_main.vcxproj", "{BCDAC051-73CB-4268-ABA1-43E99C3A921B}"
	ProjectSection(ProjectDependencies) = postProject
		{44DA983F-9405-467B-818B-BB019F221E8D} = {44DA983F-9405-467B-818B-BB019F221E8D}
	EndProjectSection
EndProject
Global
	GlobalSection(SolutionConfigurationPlatforms) = preSolution
		Debug|Win32 = Debug|Win32
		Release|Win32 = Release|Win32
	EndGlobalSection
	GlobalSection(ProjectConfigurationPlatforms) = postSolution
		{44DA983F-9405-467B-818B-BB019F221E8D}.Debug|Win32.ActiveCfg = Debug|Win32
		{44DA983F-9405-467B-818B-BB019F221E8D}.Debug|Win32.Build.0 = Debug|Win32
		{44DA983F-9405-467B-818B-BB019F221E8D}.Release|Win32.ActiveCfg = Release|Win32
		{44DA983F-9405-467B-818B-BB019F221E8D}.Release|Win32.Build.0 = Release|Win32
		{BCDAC051-73CB-4268-ABA1-43E99C3A921B}.Debug|Win32.ActiveCfg = Debug|Win32
		{BCDAC051-73CB-4268-ABA1-43E99C3A921B}.Debug|Win32.Build.0 = Debug|Win32
		{BCDAC051-73CB-4268-ABA1-43E99C3A921B}.Release|Win32.ActiveCfg = Release|Win32
		{BCDAC051-73CB-4268-ABA1-43E99C3A921B}.Release|Win32.Build.0 = Release|Win32
	EndGlobalSection
	GlobalSection(SolutionProperties) = preSolution
		HideSolutionNode = FALSE
	EndGlobalSection
EndGlobal
